
Microsoft Visual Studio Solution File, Format Version 12.00
# Visual Studio 2013
VisualStudioVersion = 12.0.31101.0
MinimumVisualStudioVersion = 10.0.40219.1
Project("{FAE04EC0-301F-11D3-BF4B-00C04F79EFBC}") = "Ang1", "Ang1\Ang1.csproj", "{5C1127D6-EC90-4225-9A88-AA914C3CDB4D}"
EndProject
Project("{FAE04EC0-301F-11D3-BF4B-00C04F79EFBC}") = "Ang1.Services", "Ang1.Services\Ang1.Services.csproj", "{932C7E2A-BC18-4C56-B3A1-0D86C50BA048}"
EndProject
Global
	GlobalSection(SolutionConfigurationPlatforms) = preSolution
		Debug|Any CPU = Debug|Any CPU
		Release|Any CPU = Release|Any CPU
	EndGlobalSection
	GlobalSection(ProjectConfigurationPlatforms) = postSolution
		{5C1127D6-EC90-4225-9A88-AA914C3CDB4D}.Debug|Any CPU.ActiveCfg = Debug|Any CPU
		{5C1127D6-EC90-4225-9A88-AA914C3CDB4D}.Debug|Any CPU.Build.0 = Debug|Any CPU
		{5C1127D6-EC90-4225-9A88-AA914C3CDB4D}.Release|Any CPU.ActiveCfg = Release|Any CPU
		{5C1127D6-EC90-4225-9A88-AA914C3CDB4D}.Release|Any CPU.Build.0 = Release|Any CPU
		{932C7E2A-BC18-4C56-B3A1-0D86C50BA048}.Debug|Any CPU.ActiveCfg = Debug|Any CPU
		{932C7E2A-BC18-4C56-B3A1-0D86C50BA048}.Debug|Any CPU.Build.0 = Debug|Any CPU
		{932C7E2A-BC18-4C56-B3A1-0D86C50BA048}.Release|Any CPU.ActiveCfg = Release|Any CPU
		{932C7E2A-BC18-4C56-B3A1-0D86C50BA048}.Release|Any CPU.Build.0 = Release|Any CPU
	EndGlobalSection
	GlobalSection(SolutionProperties) = preSolution
		HideSolutionNode = FALSE
	EndGlobalSection
EndGlobal
